# THIS IS AN AUTOGENERATED FILE. DO NOT EDIT THIS FILE DIRECTLY.
# yarn lockfile v1


clean-css@^5.3.1:
  version "5.3.1"
  resolved "https://registry.yarnpkg.com/clean-css/-/clean-css-5.3.1.tgz#d0610b0b90d125196a2894d35366f734e5d7aa32"
  integrity sha512-lCr8OHhiWCTw4v8POJovCoh4T7I9U11yVsPjMWWnnMmp9ZowCxyad1Pathle/9HjaDp+fdQKjO9fQydE6RHTZg==
  dependencies:
    source-map "~0.6.0"

source-map@~0.6.0:
  version "0.6.1"
  resolved "https://registry.yarnpkg.com/source-map/-/source-map-0.6.1.tgz#74722af32e9614e9c287a8d0bbde48b5e2f1a263"
  integrity sha512-UjgapumWlbMhkBgzT7Ykc5YXUT46F0iKu8SGXq0bcwP5dz/h0Plj6enJqjz1Zbq2l5WaqYnrVbwWOWMyF3F47g==
